
Microsoft Visual Studio Solution File, Format Version 12.00
# Visual Studio Version 16
VisualStudioVersion = 16.0.29306.81
MinimumVisualStudioVersion = 10.0.40219.1
Project("{FAE04EC0-301F-11D3-BF4B-00C04F79EFBC}") = "core", "core.csproj", "{B9CB495B-14E2-470E-8757-FC1C4774E058}"
EndProject
Global
	GlobalSection(SolutionConfigurationPlatforms) = preSolution
		Debug|Any CPU = Debug|Any CPU
		Release|Any CPU = Release|Any CPU
	EndGlobalSection
	GlobalSection(ProjectConfigurationPlatforms) = postSolution
		{B9CB495B-14E2-470E-8757-FC1C4774E058}.Debug|Any CPU.ActiveCfg = Debug|Any CPU
		{B9CB495B-14E2-470E-8757-FC1C4774E058}.Debug|Any CPU.Build.0 = Debug|Any CPU
		{B9CB495B-14E2-470E-8757-FC1C4774E058}.Release|Any CPU.ActiveCfg = Release|Any CPU
		{B9CB495B-14E2-470E-8757-FC1C4774E058}.Release|Any CPU.Build.0 = Release|Any CPU
	EndGlobalSection
	GlobalSection(SolutionProperties) = preSolution
		HideSolutionNode = FALSE
	EndGlobalSection
	GlobalSection(ExtensibilityGlobals) = postSolution
		SolutionGuid = {B927199B-B318-4B15-9F33-EE6E5829617E}
	EndGlobalSection
	GlobalSection(TeamFoundationVersionControl) = preSolution
		SccNumberOfProjects = 2
		SccEnterpriseProvider = {4CA58AB2-18FA-4F8D-95D4-32DDF27D184C}
		SccTeamFoundationServer = https://dev.azure.com/iscamtz
		SccLocalPath0 = .
		SccProjectUniqueName1 = core.csproj
		SccLocalPath1 = .
	EndGlobalSection
EndGlobal
